
Microsoft Visual Studio Solution File, Format Version 12.00
# Visual Studio 2013
VisualStudioVersion = 12.0.21005.1
MinimumVisualStudioVersion = 10.0.40219.1
Project("{E24C65DC-7377-472B-9ABA-BC803B73C61A}") = "cs-4985-project-3-ballgames", "http://localhost:49182", "{444274B0-4F40-45C7-8E9C-2151D0253A6D}"
	ProjectSection(WebsiteProperties) = preProject
		UseIISExpress = "true"
		TargetFrameworkMoniker = ".NETFramework,Version%3Dv4.0"
		Debug.AspNetCompiler.VirtualPath = "/localhost_49182"
		Debug.AspNetCompiler.PhysicalPath = "..\..\..\..\Desktop\cs-4985-project-3-ballgames\"
		Debug.AspNetCompiler.TargetPath = "PrecompiledWeb\localhost_49182\"
		Debug.AspNetCompiler.Updateable = "true"
		Debug.AspNetCompiler.ForceOverwrite = "true"
		Debug.AspNetCompiler.FixedNames = "false"
		Debug.AspNetCompiler.Debug = "True"
		Release.AspNetCompiler.VirtualPath = "/localhost_49182"
		Release.AspNetCompiler.PhysicalPath = "..\..\..\..\Desktop\cs-4985-project-3-ballgames\"
		Release.AspNetCompiler.TargetPath = "PrecompiledWeb\localhost_49182\"
		Release.AspNetCompiler.Updateable = "true"
		Release.AspNetCompiler.ForceOverwrite = "true"
		Release.AspNetCompiler.FixedNames = "false"
		Release.AspNetCompiler.Debug = "False"
		SlnRelativePath = "..\..\..\..\Desktop\cs-4985-project-3-ballgames\"
	EndProjectSection
EndProject
Global
	GlobalSection(SolutionConfigurationPlatforms) = preSolution
		Debug|Any CPU = Debug|Any CPU
	EndGlobalSection
	GlobalSection(ProjectConfigurationPlatforms) = postSolution
		{444274B0-4F40-45C7-8E9C-2151D0253A6D}.Debug|Any CPU.ActiveCfg = Debug|Any CPU
		{444274B0-4F40-45C7-8E9C-2151D0253A6D}.Debug|Any CPU.Build.0 = Debug|Any CPU
	EndGlobalSection
	GlobalSection(SolutionProperties) = preSolution
		HideSolutionNode = FALSE
	EndGlobalSection
EndGlobal
